// !$*UTF8*$!
{
	archiveVersion = 1;
	classes = {
	};
	objectVersion = 52;
	objects = {

/* Begin PBXBuildFile section */
		315A70FA250115AE00BD5432 /* SwURL in Frameworks */ = {isa = PBXBuildFile; productRef = 315A70F9250115AE00BD5432 /* SwURL */; };
		315A70FC25012A1700BD5432 /* NavigationBarModifier.swift in Sources */ = {isa = PBXBuildFile; fileRef = 315A70FB25012A1700BD5432 /* NavigationBarModifier.swift */; };
		31D4F19C2500D64F004E4EFB /* imagetest.swift in Sources */ = {isa = PBXBuildFile; fileRef = 31D4F19B2500D64F004E4EFB /* imagetest.swift */; };
		31D4F19F2500D89A004E4EFB /* URLImage in Frameworks */ = {isa = PBXBuildFile; productRef = 31D4F19E2500D89A004E4EFB /* URLImage */; };
		31E4FE3A24FFF3C600D9A20D /* AppDelegate.swift in Sources */ = {isa = PBXBuildFile; fileRef = 31E4FE3924FFF3C600D9A20D /* AppDelegate.swift */; };
		31E4FE3C24FFF3C600D9A20D /* SceneDelegate.swift in Sources */ = {isa = PBXBuildFile; fileRef = 31E4FE3B24FFF3C600D9A20D /* SceneDelegate.swift */; };
		31E4FE3E24FFF3C600D9A20D /* ContentView.swift in Sources */ = {isa = PBXBuildFile; fileRef = 31E4FE3D24FFF3C600D9A20D /* ContentView.swift */; };
		31E4FE4024FFF3CB00D9A20D /* Assets.xcassets in Resources */ = {isa = PBXBuildFile; fileRef = 31E4FE3F24FFF3CB00D9A20D /* Assets.xcassets */; };
		31E4FE4324FFF3CB00D9A20D /* Preview Assets.xcassets in Resources */ = {isa = PBXBuildFile; fileRef = 31E4FE4224FFF3CB00D9A20D /* Preview Assets.xcassets */; };
		31E4FE4624FFF3CB00D9A20D /* LaunchScreen.storyboard in Resources */ = {isa = PBXBuildFile; fileRef = 31E4FE4424FFF3CB00D9A20D /* LaunchScreen.storyboard */; };
		31E4FE4E24FFF46300D9A20D /* Article.swift in Sources */ = {isa = PBXBuildFile; fileRef = 31E4FE4D24FFF46300D9A20D /* Article.swift */; };
		31E4FE5024FFF57A00D9A20D /* ImageLoader.swift in Sources */ = {isa = PBXBuildFile; fileRef = 31E4FE4F24FFF57A00D9A20D /* ImageLoader.swift */; };
		31E4FE522500114900D9A20D /* NewsView.swift in Sources */ = {isa = PBXBuildFile; fileRef = 31E4FE512500114900D9A20D /* NewsView.swift */; };
		31E4FE542500170C00D9A20D /* NewsDetail.swift in Sources */ = {isa = PBXBuildFile; fileRef = 31E4FE532500170C00D9A20D /* NewsDetail.swift */; };
		A5B7C6E04D18EA0C627B0C94 /* Pods_Positivo.framework in Frameworks */ = {isa = PBXBuildFile; fileRef = 59830E949BAB3F5916AD798F /* Pods_Positivo.framework */; };
/* End PBXBuildFile section */

/* Begin PBXFileReference section */
		315A70FB25012A1700BD5432 /* NavigationBarModifier.swift */ = {isa = PBXFileReference; lastKnownFileType = sourcecode.swift; path = NavigationBarModifier.swift; sourceTree = "<group>"; };
		31D4F19B2500D64F004E4EFB /* imagetest.swift */ = {isa = PBXFileReference; lastKnownFileType = sourcecode.swift; path = imagetest.swift; sourceTree = "<group>"; };
		31E4FE3624FFF3C600D9A20D /* Positivo.app */ = {isa = PBXFileReference; explicitFileType = wrapper.application; includeInIndex = 0; path = Positivo.app; sourceTree = BUILT_PRODUCTS_DIR; };
		31E4FE3924FFF3C600D9A20D /* AppDelegate.swift */ = {isa = PBXFileReference; lastKnownFileType = sourcecode.swift; path = AppDelegate.swift; sourceTree = "<group>"; };
		31E4FE3B24FFF3C600D9A20D /* SceneDelegate.swift */ = {isa = PBXFileReference; lastKnownFileType = sourcecode.swift; path = SceneDelegate.swift; sourceTree = "<group>"; };
		31E4FE3D24FFF3C600D9A20D /* ContentView.swift */ = {isa = PBXFileReference; lastKnownFileType = sourcecode.swift; path = ContentView.swift; sourceTree = "<group>"; };
		31E4FE3F24FFF3CB00D9A20D /* Assets.xcassets */ = {isa = PBXFileReference; lastKnownFileType = folder.assetcatalog; path = Assets.xcassets; sourceTree = "<group>"; };
		31E4FE4224FFF3CB00D9A20D /* Preview Assets.xcassets */ = {isa = PBXFileReference; lastKnownFileType = folder.assetcatalog; path = "Preview Assets.xcassets"; sourceTree = "<group>"; };
		31E4FE4524FFF3CB00D9A20D /* Base */ = {isa = PBXFileReference; lastKnownFileType = file.storyboard; name = Base; path = Base.lproj/LaunchScreen.storyboard; sourceTree = "<group>"; };
		31E4FE4724FFF3CB00D9A20D /* Info.plist */ = {isa = PBXFileReference; lastKnownFileType = text.plist.xml; path = Info.plist; sourceTree = "<group>"; };
		31E4FE4D24FFF46300D9A20D /* Article.swift */ = {isa = PBXFileReference; lastKnownFileType = sourcecode.swift; path = Article.swift; sourceTree = "<group>"; };
		31E4FE4F24FFF57A00D9A20D /* ImageLoader.swift */ = {isa = PBXFileReference; lastKnownFileType = sourcecode.swift; path = ImageLoader.swift; sourceTree = "<group>"; };
		31E4FE512500114900D9A20D /* NewsView.swift */ = {isa = PBXFileReference; lastKnownFileType = sourcecode.swift; path = NewsView.swift; sourceTree = "<group>"; };
		31E4FE532500170C00D9A20D /* NewsDetail.swift */ = {isa = PBXFileReference; lastKnownFileType = sourcecode.swift; path = NewsDetail.swift; sourceTree = "<group>"; };
		392F1250B60F4EB13F2F7694 /* Pods-Positivo.release.xcconfig */ = {isa = PBXFileReference; includeInIndex = 1; lastKnownFileType = text.xcconfig; name = "Pods-Positivo.release.xcconfig"; path = "Target Support Files/Pods-Positivo/Pods-Positivo.release.xcconfig"; sourceTree = "<group>"; };
		59830E949BAB3F5916AD798F /* Pods_Positivo.framework */ = {isa = PBXFileReference; explicitFileType = wrapper.framework; includeInIndex = 0; path = Pods_Positivo.framework; sourceTree = BUILT_PRODUCTS_DIR; };
		A7E0067E32413C3CD82B0947 /* Pods-Positivo.debug.xcconfig */ = {isa = PBXFileReference; includeInIndex = 1; lastKnownFileType = text.xcconfig; name = "Pods-Positivo.debug.xcconfig"; path = "Target Support Files/Pods-Positivo/Pods-Positivo.debug.xcconfig"; sourceTree = "<group>"; };
/* End PBXFileReference section */

/* Begin PBXFrameworksBuildPhase section */
		31E4FE3324FFF3C600D9A20D /* Frameworks */ = {
			isa = PBXFrameworksBuildPhase;
			buildActionMask = 2147483647;
			files = (
				315A70FA250115AE00BD5432 /* SwURL in Frameworks */,
				31D4F19F2500D89A004E4EFB /* URLImage in Frameworks */,
				A5B7C6E04D18EA0C627B0C94 /* Pods_Positivo.framework in Frameworks */,
			);
			runOnlyForDeploymentPostprocessing = 0;
		};
/* End PBXFrameworksBuildPhase section */

/* Begin PBXGroup section */
		31E4FE2D24FFF3C600D9A20D = {
			isa = PBXGroup;
			children = (
				31E4FE3824FFF3C600D9A20D /* Positivo */,
				31E4FE3724FFF3C600D9A20D /* Products */,
				A4C72CF326E17BADAC78F9AB /* Pods */,
				DCCBB9EA034456A462545B5F /* Frameworks */,
			);
			sourceTree = "<group>";
		};
		31E4FE3724FFF3C600D9A20D /* Products */ = {
			isa = PBXGroup;
			children = (
				31E4FE3624FFF3C600D9A20D /* Positivo.app */,
			);
			name = Products;
			sourceTree = "<group>";
		};
		31E4FE3824FFF3C600D9A20D /* Positivo */ = {
			isa = PBXGroup;
			children = (
				31E4FE4F24FFF57A00D9A20D /* ImageLoader.swift */,
				31E4FE4D24FFF46300D9A20D /* Article.swift */,
				31E4FE3924FFF3C600D9A20D /* AppDelegate.swift */,
				31E4FE3B24FFF3C600D9A20D /* SceneDelegate.swift */,
				31E4FE3D24FFF3C600D9A20D /* ContentView.swift */,
				315A70FB25012A1700BD5432 /* NavigationBarModifier.swift */,
				31D4F19B2500D64F004E4EFB /* imagetest.swift */,
				31E4FE532500170C00D9A20D /* NewsDetail.swift */,
				31E4FE512500114900D9A20D /* NewsView.swift */,
				31E4FE3F24FFF3CB00D9A20D /* Assets.xcassets */,
				31E4FE4424FFF3CB00D9A20D /* LaunchScreen.storyboard */,
				31E4FE4724FFF3CB00D9A20D /* Info.plist */,
				31E4FE4124FFF3CB00D9A20D /* Preview Content */,
			);
			path = Positivo;
			sourceTree = "<group>";
		};
		31E4FE4124FFF3CB00D9A20D /* Preview Content */ = {
			isa = PBXGroup;
			children = (
				31E4FE4224FFF3CB00D9A20D /* Preview Assets.xcassets */,
			);
			path = "Preview Content";
			sourceTree = "<group>";
		};
		A4C72CF326E17BADAC78F9AB /* Pods */ = {
			isa = PBXGroup;
			children = (
				A7E0067E32413C3CD82B0947 /* Pods-Positivo.debug.xcconfig */,
				392F1250B60F4EB13F2F7694 /* Pods-Positivo.release.xcconfig */,
			);
			path = Pods;
			sourceTree = "<group>";
		};
		DCCBB9EA034456A462545B5F /* Frameworks */ = {
			isa = PBXGroup;
			children = (
				59830E949BAB3F5916AD798F /* Pods_Positivo.framework */,
			);
			name = Frameworks;
			sourceTree = "<group>";
		};
/* End PBXGroup section */

/* Begin PBXNativeTarget section */
		31E4FE3524FFF3C600D9A20D /* Positivo */ = {
			isa = PBXNativeTarget;
			buildConfigurationList = 31E4FE4A24FFF3CB00D9A20D /* Build configuration list for PBXNativeTarget "Positivo" */;
			buildPhases = (
				3FA07D338066453A819E0017 /* [CP] Check Pods Manifest.lock */,
				31E4FE3224FFF3C600D9A20D /* Sources */,
				31E4FE3324FFF3C600D9A20D /* Frameworks */,
				31E4FE3424FFF3C600D9A20D /* Resources */,
				E97CCDF953AC3B421CC5A1B9 /* [CP] Embed Pods Frameworks */,
			);
			buildRules = (
			);
			dependencies = (
			);
			name = Positivo;
			packageProductDependencies = (
				31D4F19E2500D89A004E4EFB /* URLImage */,
				315A70F9250115AE00BD5432 /* SwURL */,
			);
			productName = Positivo;
			productReference = 31E4FE3624FFF3C600D9A20D /* Positivo.app */;
			productType = "com.apple.product-type.application";
		};
/* End PBXNativeTarget section */

/* Begin PBXProject section */
		31E4FE2E24FFF3C600D9A20D /* Project object */ = {
			isa = PBXProject;
			attributes = {
				LastSwiftUpdateCheck = 1160;
				LastUpgradeCheck = 1160;
				ORGANIZATIONNAME = "Bhavya Srivastava";
				TargetAttributes = {
					31E4FE3524FFF3C600D9A20D = {
						CreatedOnToolsVersion = 11.6;
					};
				};
			};
			buildConfigurationList = 31E4FE3124FFF3C600D9A20D /* Build configuration list for PBXProject "Positivo" */;
			compatibilityVersion = "Xcode 9.3";
			developmentRegion = en;
			hasScannedForEncodings = 0;
			knownRegions = (
				en,
				Base,
			);
			mainGroup = 31E4FE2D24FFF3C600D9A20D;
			packageReferences = (
				31D4F19D2500D89A004E4EFB /* XCRemoteSwiftPackageReference "url-image" */,
				315A70F8250115AE00BD5432 /* XCRemoteSwiftPackageReference "SwURL" */,
			);
			productRefGroup = 31E4FE3724FFF3C600D9A20D /* Products */;
			projectDirPath = "";
			projectRoot = "";
			targets = (
				31E4FE3524FFF3C600D9A20D /* Positivo */,
			);
		};
/* End PBXProject section */

/* Begin PBXResourcesBuildPhase section */
		31E4FE3424FFF3C600D9A20D /* Resources */ = {
			isa = PBXResourcesBuildPhase;
			buildActionMask = 2147483647;
			files = (
				31E4FE4624FFF3CB00D9A20D /* LaunchScreen.storyboard in Resources */,
				31E4FE4324FFF3CB00D9A20D /* Preview Assets.xcassets in Resources */,
				31E4FE4024FFF3CB00D9A20D /* Assets.xcassets in Resources */,
			);
			runOnlyForDeploymentPostprocessing = 0;
		};
/* End PBXResourcesBuildPhase section */

/* Begin PBXShellScriptBuildPhase section */
		3FA07D338066453A819E0017 /* [CP] Check Pods Manifest.lock */ = {
			isa = PBXShellScriptBuildPhase;
			buildActionMask = 2147483647;
			files = (
			);
			inputFileListPaths = (
			);
			inputPaths = (
				"${PODS_PODFILE_DIR_PATH}/Podfile.lock",
				"${PODS_ROOT}/Manifest.lock",
			);
			name = "[CP] Check Pods Manifest.lock";
			outputFileListPaths = (
			);
			outputPaths = (
				"$(DERIVED_FILE_DIR)/Pods-Positivo-checkManifestLockResult.txt",
			);
			runOnlyForDeploymentPostprocessing = 0;
			shellPath = /bin/sh;
			shellScript = "diff \"${PODS_PODFILE_DIR_PATH}/Podfile.lock\" \"${PODS_ROOT}/Manifest.lock\" > /dev/null\nif [ $? != 0 ] ; then\n    # print error to STDERR\n    echo \"error: The sandbox is not in sync with the Podfile.lock. Run 'pod install' or update your CocoaPods installation.\" >&2\n    exit 1\nfi\n# This output is used by Xcode 'outputs' to avoid re-running this script phase.\necho \"SUCCESS\" > \"${SCRIPT_OUTPUT_FILE_0}\"\n";
			showEnvVarsInLog = 0;
		};
		E97CCDF953AC3B421CC5A1B9 /* [CP] Embed Pods Frameworks */ = {
			isa = PBXShellScriptBuildPhase;
			buildActionMask = 2147483647;
			files = (
			);
			inputFileListPaths = (
				"${PODS_ROOT}/Target Support Files/Pods-Positivo/Pods-Positivo-frameworks-${CONFIGURATION}-input-files.xcfilelist",
			);
			name = "[CP] Embed Pods Frameworks";
			outputFileListPaths = (
				"${PODS_ROOT}/Target Support Files/Pods-Positivo/Pods-Positivo-frameworks-${CONFIGURATION}-output-files.xcfilelist",
			);
			runOnlyForDeploymentPostprocessing = 0;
			shellPath = /bin/sh;
			shellScript = "\"${PODS_ROOT}/Target Support Files/Pods-Positivo/Pods-Positivo-frameworks.sh\"\n";
			showEnvVarsInLog = 0;
		};
/* End PBXShellScriptBuildPhase section */

/* Begin PBXSourcesBuildPhase section */
		31E4FE3224FFF3C600D9A20D /* Sources */ = {
			isa = PBXSourcesBuildPhase;
			buildActionMask = 2147483647;
			files = (
				31E4FE4E24FFF46300D9A20D /* Article.swift in Sources */,
				31E4FE3A24FFF3C600D9A20D /* AppDelegate.swift in Sources */,
				315A70FC25012A1700BD5432 /* NavigationBarModifier.swift in Sources */,
				31E4FE5024FFF57A00D9A20D /* ImageLoader.swift in Sources */,
				31E4FE522500114900D9A20D /* NewsView.swift in Sources */,
				31E4FE3C24FFF3C600D9A20D /* SceneDelegate.swift in Sources */,
				31D4F19C2500D64F004E4EFB /* imagetest.swift in Sources */,
				31E4FE3E24FFF3C600D9A20D /* ContentView.swift in Sources */,
				31E4FE542500170C00D9A20D /* NewsDetail.swift in Sources */,
			);
			runOnlyForDeploymentPostprocessing = 0;
		};
/* End PBXSourcesBuildPhase section */

/* Begin PBXVariantGroup section */
		31E4FE4424FFF3CB00D9A20D /* LaunchScreen.storyboard */ = {
			isa = PBXVariantGroup;
			children = (
				31E4FE4524FFF3CB00D9A20D /* Base */,
			);
			name = LaunchScreen.storyboard;
			sourceTree = "<group>";
		};
/* End PBXVariantGroup section */

/* Begin XCBuildConfiguration section */
		31E4FE4824FFF3CB00D9A20D /* Debug */ = {
			isa = XCBuildConfiguration;
			buildSettings = {
				ALWAYS_SEARCH_USER_PATHS = NO;
				CLANG_ANALYZER_NONNULL = YES;
				CLANG_ANALYZER_NUMBER_OBJECT_CONVERSION = YES_AGGRESSIVE;
				CLANG_CXX_LANGUAGE_STANDARD = "gnu++14";
				CLANG_CXX_LIBRARY = "libc++";
				CLANG_ENABLE_MODULES = YES;
				CLANG_ENABLE_OBJC_ARC = YES;
				CLANG_ENABLE_OBJC_WEAK = YES;
				CLANG_WARN_BLOCK_CAPTURE_AUTORELEASING = YES;
				CLANG_WARN_BOOL_CONVERSION = YES;
				CLANG_WARN_COMMA = YES;
				CLANG_WARN_CONSTANT_CONVERSION = YES;
				CLANG_WARN_DEPRECATED_OBJC_IMPLEMENTATIONS = YES;
				CLANG_WARN_DIRECT_OBJC_ISA_USAGE = YES_ERROR;
				CLANG_WARN_DOCUMENTATION_COMMENTS = YES;
				CLANG_WARN_EMPTY_BODY = YES;
				CLANG_WARN_ENUM_CONVERSION = YES;
				CLANG_WARN_INFINITE_RECURSION = YES;
				CLANG_WARN_INT_CONVERSION = YES;
				CLANG_WARN_NON_LITERAL_NULL_CONVERSION = YES;
				CLANG_WARN_OBJC_IMPLICIT_RETAIN_SELF = YES;
				CLANG_WARN_OBJC_LITERAL_CONVERSION = YES;
				CLANG_WARN_OBJC_ROOT_CLASS = YES_ERROR;
				CLANG_WARN_RANGE_LOOP_ANALYSIS = YES;
				CLANG_WARN_STRICT_PROTOTYPES = YES;
				CLANG_WARN_SUSPICIOUS_MOVE = YES;
				CLANG_WARN_UNGUARDED_AVAILABILITY = YES_AGGRESSIVE;
				CLANG_WARN_UNREACHABLE_CODE = YES;
				CLANG_WARN__DUPLICATE_METHOD_MATCH = YES;
				COPY_PHASE_STRIP = NO;
				DEBUG_INFORMATION_FORMAT = dwarf;
				ENABLE_STRICT_OBJC_MSGSEND = YES;
				ENABLE_TESTABILITY = YES;
				GCC_C_LANGUAGE_STANDARD = gnu11;
				GCC_DYNAMIC_NO_PIC = NO;
				GCC_NO_COMMON_BLOCKS = YES;
				GCC_OPTIMIZATION_LEVEL = 0;
				GCC_PREPROCESSOR_DEFINITIONS = (
					"DEBUG=1",
					"$(inherited)",
				);
				GCC_WARN_64_TO_32_BIT_CONVERSION = YES;
				GCC_WARN_ABOUT_RETURN_TYPE = YES_ERROR;
				GCC_WARN_UNDECLARED_SELECTOR = YES;
				GCC_WARN_UNINITIALIZED_AUTOS = YES_AGGRESSIVE;
				GCC_WARN_UNUSED_FUNCTION = YES;
				GCC_WARN_UNUSED_VARIABLE = YES;
				IPHONEOS_DEPLOYMENT_TARGET = 13.6;
				MTL_ENABLE_DEBUG_INFO = INCLUDE_SOURCE;
				MTL_FAST_MATH = YES;
				ONLY_ACTIVE_ARCH = YES;
				SDKROOT = iphoneos;
				SWIFT_ACTIVE_COMPILATION_CONDITIONS = DEBUG;
				SWIFT_OPTIMIZATION_LEVEL = "-Onone";
			};
			name = Debug;
		};
		31E4FE4924FFF3CB00D9A20D /* Release */ = {
			isa = XCBuildConfiguration;
			buildSettings = {
				ALWAYS_SEARCH_USER_PATHS = NO;
				CLANG_ANALYZER_NONNULL = YES;
				CLANG_ANALYZER_NUMBER_OBJECT_CONVERSION = YES_AGGRESSIVE;
				CLANG_CXX_LANGUAGE_STANDARD = "gnu++14";
				CLANG_CXX_LIBRARY = "libc++";
				CLANG_ENABLE_MODULES = YES;
				CLANG_ENABLE_OBJC_ARC = YES;
				CLANG_ENABLE_OBJC_WEAK = YES;
				CLANG_WARN_BLOCK_CAPTURE_AUTORELEASING = YES;
				CLANG_WARN_BOOL_CONVERSION = YES;
				CLANG_WARN_COMMA = YES;
				CLANG_WARN_CONSTANT_CONVERSION = YES;
				CLANG_WARN_DEPRECATED_OBJC_IMPLEMENTATIONS = YES;
				CLANG_WARN_DIRECT_OBJC_ISA_USAGE = YES_ERROR;
				CLANG_WARN_DOCUMENTATION_COMMENTS = YES;
				CLANG_WARN_EMPTY_BODY = YES;
				CLANG_WARN_ENUM_CONVERSION = YES;
				CLANG_WARN_INFINITE_RECURSION = YES;
				CLANG_WARN_INT_CONVERSION = YES;
				CLANG_WARN_NON_LITERAL_NULL_CONVERSION = YES;
				CLANG_WARN_OBJC_IMPLICIT_RETAIN_SELF = YES;
				CLANG_WARN_OBJC_LITERAL_CONVERSION = YES;
				CLANG_WARN_OBJC_ROOT_CLASS = YES_ERROR;
				CLANG_WARN_RANGE_LOOP_ANALYSIS = YES;
				CLANG_WARN_STRICT_PROTOTYPES = YES;
				CLANG_WARN_SUSPICIOUS_MOVE = YES;
				CLANG_WARN_UNGUARDED_AVAILABILITY = YES_AGGRESSIVE;
				CLANG_WARN_UNREACHABLE_CODE = YES;
				CLANG_WARN__DUPLICATE_METHOD_MATCH = YES;
				COPY_PHASE_STRIP = NO;
				DEBUG_INFORMATION_FORMAT = "dwarf-with-dsym";
				ENABLE_NS_ASSERTIONS = NO;
				ENABLE_STRICT_OBJC_MSGSEND = YES;
				GCC_C_LANGUAGE_STANDARD = gnu11;
				GCC_NO_COMMON_BLOCKS = YES;
				GCC_WARN_64_TO_32_BIT_CONVERSION = YES;
				GCC_WARN_ABOUT_RETURN_TYPE = YES_ERROR;
				GCC_WARN_UNDECLARED_SELECTOR = YES;
				GCC_WARN_UNINITIALIZED_AUTOS = YES_AGGRESSIVE;
				GCC_WARN_UNUSED_FUNCTION = YES;
				GCC_WARN_UNUSED_VARIABLE = YES;
				IPHONEOS_DEPLOYMENT_TARGET = 13.6;
				MTL_ENABLE_DEBUG_INFO = NO;
				MTL_FAST_MATH = YES;
				SDKROOT = iphoneos;
				SWIFT_COMPILATION_MODE = wholemodule;
				SWIFT_OPTIMIZATION_LEVEL = "-O";
				VALIDATE_PRODUCT = YES;
			};
			name = Release;
		};
		31E4FE4B24FFF3CB00D9A20D /* Debug */ = {
			isa = XCBuildConfiguration;
			baseConfigurationReference = A7E0067E32413C3CD82B0947 /* Pods-Positivo.debug.xcconfig */;
			buildSettings = {
				ASSETCATALOG_COMPILER_APPICON_NAME = AppIcon;
				CODE_SIGN_STYLE = Automatic;
				DEVELOPMENT_ASSET_PATHS = "\"Positivo/Preview Content\"";
				DEVELOPMENT_TEAM = V6AVXX38YR;
				ENABLE_PREVIEWS = YES;
				INFOPLIST_FILE = Positivo/Info.plist;
				LD_RUNPATH_SEARCH_PATHS = (
					"$(inherited)",
					"@executable_path/Frameworks",
				);
				PRODUCT_BUNDLE_IDENTIFIER = com.bhavyasrivastava.Positivo;
				PRODUCT_NAME = "$(TARGET_NAME)";
				SWIFT_VERSION = 5.0;
				TARGETED_DEVICE_FAMILY = "1,2";
			};
			name = Debug;
		};
		31E4FE4C24FFF3CB00D9A20D /* Release */ = {
			isa = XCBuildConfiguration;
			baseConfigurationReference = 392F1250B60F4EB13F2F7694 /* Pods-Positivo.release.xcconfig */;
			buildSettings = {
				ASSETCATALOG_COMPILER_APPICON_NAME = AppIcon;
				CODE_SIGN_STYLE = Automatic;
				DEVELOPMENT_ASSET_PATHS = "\"Positivo/Preview Content\"";
				DEVELOPMENT_TEAM = V6AVXX38YR;
				ENABLE_PREVIEWS = YES;
				INFOPLIST_FILE = Positivo/Info.plist;
				LD_RUNPATH_SEARCH_PATHS = (
					"$(inherited)",
					"@executable_path/Frameworks",
				);
				PRODUCT_BUNDLE_IDENTIFIER = com.bhavyasrivastava.Positivo;
				PRODUCT_NAME = "$(TARGET_NAME)";
				SWIFT_VERSION = 5.0;
				TARGETED_DEVICE_FAMILY = "1,2";
			};
			name = Release;
		};
/* End XCBuildConfiguration section */

/* Begin XCConfigurationList section */
		31E4FE3124FFF3C600D9A20D /* Build configuration list for PBXProject "Positivo" */ = {
			isa = XCConfigurationList;
			buildConfigurations = (
				31E4FE4824FFF3CB00D9A20D /* Debug */,
				31E4FE4924FFF3CB00D9A20D /* Release */,
			);
			defaultConfigurationIsVisible = 0;
			defaultConfigurationName = Release;
		};
		31E4FE4A24FFF3CB00D9A20D /* Build configuration list for PBXNativeTarget "Positivo" */ = {
			isa = XCConfigurationList;
			buildConfigurations = (
				31E4FE4B24FFF3CB00D9A20D /* Debug */,
				31E4FE4C24FFF3CB00D9A20D /* Release */,
			);
			defaultConfigurationIsVisible = 0;
			defaultConfigurationName = Release;
		};
/* End XCConfigurationList section */

/* Begin XCRemoteSwiftPackageReference section */
		315A70F8250115AE00BD5432 /* XCRemoteSwiftPackageReference "SwURL" */ = {
			isa = XCRemoteSwiftPackageReference;
			repositoryURL = "https://github.com/cmtrounce/SwURL";
			requirement = {
				kind = upToNextMajorVersion;
				minimumVersion = 0.3.1;
			};
		};
		31D4F19D2500D89A004E4EFB /* XCRemoteSwiftPackageReference "url-image" */ = {
			isa = XCRemoteSwiftPackageReference;
			repositoryURL = "https://github.com/dmytro-anokhin/url-image.git";
			requirement = {
				kind = upToNextMajorVersion;
				minimumVersion = 0.9.19;
			};
		};
/* End XCRemoteSwiftPackageReference section */

/* Begin XCSwiftPackageProductDependency section */
		315A70F9250115AE00BD5432 /* SwURL */ = {
			isa = XCSwiftPackageProductDependency;
			package = 315A70F8250115AE00BD5432 /* XCRemoteSwiftPackageReference "SwURL" */;
			productName = SwURL;
		};
		31D4F19E2500D89A004E4EFB /* URLImage */ = {
			isa = XCSwiftPackageProductDependency;
			package = 31D4F19D2500D89A004E4EFB /* XCRemoteSwiftPackageReference "url-image" */;
			productName = URLImage;
		};
/* End XCSwiftPackageProductDependency section */
	};
	rootObject = 31E4FE2E24FFF3C600D9A20D /* Project object */;
}
